// !$*UTF8*$!
{
	archiveVersion = 1;
	classes = {
	};
	objectVersion = 50;
	objects = {

/* Begin PBXBuildFile section */
		F2401A782854FF6100454E0D /* AppDelegate.swift in Sources */ = {isa = PBXBuildFile; fileRef = F2401A772854FF6100454E0D /* AppDelegate.swift */; };
		F2401A7A2854FF6100454E0D /* SceneDelegate.swift in Sources */ = {isa = PBXBuildFile; fileRef = F2401A792854FF6100454E0D /* SceneDelegate.swift */; };
		F2401A7C2854FF6100454E0D /* ViewController.swift in Sources */ = {isa = PBXBuildFile; fileRef = F2401A7B2854FF6100454E0D /* ViewController.swift */; };
		F2401A7F2854FF6100454E0D /* Main.storyboard in Resources */ = {isa = PBXBuildFile; fileRef = F2401A7D2854FF6100454E0D /* Main.storyboard */; };
		F2401A812854FF6200454E0D /* Assets.xcassets in Resources */ = {isa = PBXBuildFile; fileRef = F2401A802854FF6200454E0D /* Assets.xcassets */; };
		F2401A842854FF6200454E0D /* LaunchScreen.storyboard in Resources */ = {isa = PBXBuildFile; fileRef = F2401A822854FF6200454E0D /* LaunchScreen.storyboard */; };
		F2401A8C285504DF00454E0D /* home.jpeg in Resources */ = {isa = PBXBuildFile; fileRef = F2401A8B285504DF00454E0D /* home.jpeg */; };
		F2401A8E2855064400454E0D /* Screen Shot 2022-06-11 at 10.18.23 AM.png in Resources */ = {isa = PBXBuildFile; fileRef = F2401A8D2855064400454E0D /* Screen Shot 2022-06-11 at 10.18.23 AM.png */; };
		F2401A902855082B00454E0D /* Screen Shot 2022-06-11 at 10.27.33 AM.png in Resources */ = {isa = PBXBuildFile; fileRef = F2401A8F2855082B00454E0D /* Screen Shot 2022-06-11 at 10.27.33 AM.png */; };
		F2401A922855110400454E0D /* Screen Shot 2022-06-11 at 11.04.46 AM.png in Resources */ = {isa = PBXBuildFile; fileRef = F2401A912855110400454E0D /* Screen Shot 2022-06-11 at 11.04.46 AM.png */; };
		F2401A942855137000454E0D /* Screen Shot 2022-06-11 at 11.15.14 AM.png in Resources */ = {isa = PBXBuildFile; fileRef = F2401A932855137000454E0D /* Screen Shot 2022-06-11 at 11.15.14 AM.png */; };
		F2401A9628551DDF00454E0D /* Screen Shot 2022-06-11 at 11.59.53 AM.png in Resources */ = {isa = PBXBuildFile; fileRef = F2401A9528551DDF00454E0D /* Screen Shot 2022-06-11 at 11.59.53 AM.png */; };
		F2401A9B285522A700454E0D /* Screen Shot 2022-06-11 at 12.17.49 PM.png in Resources */ = {isa = PBXBuildFile; fileRef = F2401A97285522A700454E0D /* Screen Shot 2022-06-11 at 12.17.49 PM.png */; };
		F2401A9C285522A700454E0D /* Screen Shot 2022-06-11 at 12.19.09 PM.png in Resources */ = {isa = PBXBuildFile; fileRef = F2401A98285522A700454E0D /* Screen Shot 2022-06-11 at 12.19.09 PM.png */; };
		F2401A9D285522A700454E0D /* Screen Shot 2022-06-11 at 12.18.01 PM.png in Resources */ = {isa = PBXBuildFile; fileRef = F2401A99285522A700454E0D /* Screen Shot 2022-06-11 at 12.18.01 PM.png */; };
		F2401A9E285522A700454E0D /* Screen Shot 2022-06-11 at 12.17.16 PM.png in Resources */ = {isa = PBXBuildFile; fileRef = F2401A9A285522A700454E0D /* Screen Shot 2022-06-11 at 12.17.16 PM.png */; };
		F2401AA028552C8700454E0D /* homescreen.swift in Sources */ = {isa = PBXBuildFile; fileRef = F2401A9F28552C8700454E0D /* homescreen.swift */; };
		F2401AA22855337900454E0D /* Screen Shot 2022-06-11 at 1.31.03 PM.png in Resources */ = {isa = PBXBuildFile; fileRef = F2401AA12855337800454E0D /* Screen Shot 2022-06-11 at 1.31.03 PM.png */; };
		F2401AA42855640900454E0D /* Screen Shot 2022-06-11 at 4.59.34 PM.png in Resources */ = {isa = PBXBuildFile; fileRef = F2401AA32855640900454E0D /* Screen Shot 2022-06-11 at 4.59.34 PM.png */; };
		F2401AA62855696300454E0D /* trackSpending.swift in Sources */ = {isa = PBXBuildFile; fileRef = F2401AA52855696300454E0D /* trackSpending.swift */; };
		F2401AA82855AF2900454E0D /* trackEarnings.swift in Sources */ = {isa = PBXBuildFile; fileRef = F2401AA72855AF2900454E0D /* trackEarnings.swift */; };
		F2401AAA2855B39700454E0D /* learn.swift in Sources */ = {isa = PBXBuildFile; fileRef = F2401AA92855B39700454E0D /* learn.swift */; };
		F2401AAE2855B64600454E0D /* Screen Shot 2022-06-11 at 10.50.38 PM.png in Resources */ = {isa = PBXBuildFile; fileRef = F2401AAC2855B64600454E0D /* Screen Shot 2022-06-11 at 10.50.38 PM.png */; };
		F2401AB02855B65F00454E0D /* stock.jpeg in Resources */ = {isa = PBXBuildFile; fileRef = F2401AAF2855B65F00454E0D /* stock.jpeg */; };
		F2401AD62855D47C00454E0D /* cred.png in Resources */ = {isa = PBXBuildFile; fileRef = F2401AD52855D47C00454E0D /* cred.png */; };
/* End PBXBuildFile section */

/* Begin PBXFileReference section */
		F2401A742854FF6100454E0D /* Financial-Planning.app */ = {isa = PBXFileReference; explicitFileType = wrapper.application; includeInIndex = 0; path = "Financial-Planning.app"; sourceTree = BUILT_PRODUCTS_DIR; };
		F2401A772854FF6100454E0D /* AppDelegate.swift */ = {isa = PBXFileReference; lastKnownFileType = sourcecode.swift; path = AppDelegate.swift; sourceTree = "<group>"; };
		F2401A792854FF6100454E0D /* SceneDelegate.swift */ = {isa = PBXFileReference; lastKnownFileType = sourcecode.swift; path = SceneDelegate.swift; sourceTree = "<group>"; };
		F2401A7B2854FF6100454E0D /* ViewController.swift */ = {isa = PBXFileReference; lastKnownFileType = sourcecode.swift; path = ViewController.swift; sourceTree = "<group>"; };
		F2401A7E2854FF6100454E0D /* Base */ = {isa = PBXFileReference; lastKnownFileType = file.storyboard; name = Base; path = Base.lproj/Main.storyboard; sourceTree = "<group>"; };
		F2401A802854FF6200454E0D /* Assets.xcassets */ = {isa = PBXFileReference; lastKnownFileType = folder.assetcatalog; path = Assets.xcassets; sourceTree = "<group>"; };
		F2401A832854FF6200454E0D /* Base */ = {isa = PBXFileReference; lastKnownFileType = file.storyboard; name = Base; path = Base.lproj/LaunchScreen.storyboard; sourceTree = "<group>"; };
		F2401A852854FF6200454E0D /* Info.plist */ = {isa = PBXFileReference; lastKnownFileType = text.plist.xml; path = Info.plist; sourceTree = "<group>"; };
		F2401A8B285504DF00454E0D /* home.jpeg */ = {isa = PBXFileReference; lastKnownFileType = image.jpeg; path = home.jpeg; sourceTree = "<group>"; };
		F2401A8D2855064400454E0D /* Screen Shot 2022-06-11 at 10.18.23 AM.png */ = {isa = PBXFileReference; lastKnownFileType = image.png; path = "Screen Shot 2022-06-11 at 10.18.23 AM.png"; sourceTree = "<group>"; };
		F2401A8F2855082B00454E0D /* Screen Shot 2022-06-11 at 10.27.33 AM.png */ = {isa = PBXFileReference; lastKnownFileType = image.png; path = "Screen Shot 2022-06-11 at 10.27.33 AM.png"; sourceTree = "<group>"; };
		F2401A912855110400454E0D /* Screen Shot 2022-06-11 at 11.04.46 AM.png */ = {isa = PBXFileReference; lastKnownFileType = image.png; path = "Screen Shot 2022-06-11 at 11.04.46 AM.png"; sourceTree = "<group>"; };
		F2401A932855137000454E0D /* Screen Shot 2022-06-11 at 11.15.14 AM.png */ = {isa = PBXFileReference; lastKnownFileType = image.png; path = "Screen Shot 2022-06-11 at 11.15.14 AM.png"; sourceTree = "<group>"; };
		F2401A9528551DDF00454E0D /* Screen Shot 2022-06-11 at 11.59.53 AM.png */ = {isa = PBXFileReference; lastKnownFileType = image.png; path = "Screen Shot 2022-06-11 at 11.59.53 AM.png"; sourceTree = "<group>"; };
		F2401A97285522A700454E0D /* Screen Shot 2022-06-11 at 12.17.49 PM.png */ = {isa = PBXFileReference; lastKnownFileType = image.png; path = "Screen Shot 2022-06-11 at 12.17.49 PM.png"; sourceTree = "<group>"; };
		F2401A98285522A700454E0D /* Screen Shot 2022-06-11 at 12.19.09 PM.png */ = {isa = PBXFileReference; lastKnownFileType = image.png; path = "Screen Shot 2022-06-11 at 12.19.09 PM.png"; sourceTree = "<group>"; };
		F2401A99285522A700454E0D /* Screen Shot 2022-06-11 at 12.18.01 PM.png */ = {isa = PBXFileReference; lastKnownFileType = image.png; path = "Screen Shot 2022-06-11 at 12.18.01 PM.png"; sourceTree = "<group>"; };
		F2401A9A285522A700454E0D /* Screen Shot 2022-06-11 at 12.17.16 PM.png */ = {isa = PBXFileReference; lastKnownFileType = image.png; path = "Screen Shot 2022-06-11 at 12.17.16 PM.png"; sourceTree = "<group>"; };
		F2401A9F28552C8700454E0D /* homescreen.swift */ = {isa = PBXFileReference; lastKnownFileType = sourcecode.swift; path = homescreen.swift; sourceTree = "<group>"; };
		F2401AA12855337800454E0D /* Screen Shot 2022-06-11 at 1.31.03 PM.png */ = {isa = PBXFileReference; lastKnownFileType = image.png; path = "Screen Shot 2022-06-11 at 1.31.03 PM.png"; sourceTree = "<group>"; };
		F2401AA32855640900454E0D /* Screen Shot 2022-06-11 at 4.59.34 PM.png */ = {isa = PBXFileReference; lastKnownFileType = image.png; path = "Screen Shot 2022-06-11 at 4.59.34 PM.png"; sourceTree = "<group>"; };
		F2401AA52855696300454E0D /* trackSpending.swift */ = {isa = PBXFileReference; lastKnownFileType = sourcecode.swift; path = trackSpending.swift; sourceTree = "<group>"; };
		F2401AA72855AF2900454E0D /* trackEarnings.swift */ = {isa = PBXFileReference; lastKnownFileType = sourcecode.swift; path = trackEarnings.swift; sourceTree = "<group>"; };
		F2401AA92855B39700454E0D /* learn.swift */ = {isa = PBXFileReference; lastKnownFileType = sourcecode.swift; path = learn.swift; sourceTree = "<group>"; };
		F2401AAC2855B64600454E0D /* Screen Shot 2022-06-11 at 10.50.38 PM.png */ = {isa = PBXFileReference; lastKnownFileType = image.png; path = "Screen Shot 2022-06-11 at 10.50.38 PM.png"; sourceTree = "<group>"; };
		F2401AAF2855B65F00454E0D /* stock.jpeg */ = {isa = PBXFileReference; lastKnownFileType = image.jpeg; path = stock.jpeg; sourceTree = "<group>"; };
		F2401AD52855D47C00454E0D /* cred.png */ = {isa = PBXFileReference; lastKnownFileType = image.png; path = cred.png; sourceTree = "<group>"; };
/* End PBXFileReference section */

/* Begin PBXFrameworksBuildPhase section */
		F2401A712854FF6100454E0D /* Frameworks */ = {
			isa = PBXFrameworksBuildPhase;
			buildActionMask = 2147483647;
			files = (
			);
			runOnlyForDeploymentPostprocessing = 0;
		};
/* End PBXFrameworksBuildPhase section */

/* Begin PBXGroup section */
		F2401A6B2854FF6100454E0D = {
			isa = PBXGroup;
			children = (
				F2401A762854FF6100454E0D /* Financial-Planning */,
				F2401A752854FF6100454E0D /* Products */,
			);
			sourceTree = "<group>";
		};
		F2401A752854FF6100454E0D /* Products */ = {
			isa = PBXGroup;
			children = (
				F2401A742854FF6100454E0D /* Financial-Planning.app */,
			);
			name = Products;
			sourceTree = "<group>";
		};
		F2401A762854FF6100454E0D /* Financial-Planning */ = {
			isa = PBXGroup;
			children = (
				F2401A772854FF6100454E0D /* AppDelegate.swift */,
				F2401A792854FF6100454E0D /* SceneDelegate.swift */,
				F2401A7B2854FF6100454E0D /* ViewController.swift */,
				F2401A7D2854FF6100454E0D /* Main.storyboard */,
				F2401A9F28552C8700454E0D /* homescreen.swift */,
				F2401AA52855696300454E0D /* trackSpending.swift */,
				F2401AA72855AF2900454E0D /* trackEarnings.swift */,
				F2401AA92855B39700454E0D /* learn.swift */,
				F2401A802854FF6200454E0D /* Assets.xcassets */,
				F2401AD52855D47C00454E0D /* cred.png */,
				F2401AAF2855B65F00454E0D /* stock.jpeg */,
				F2401AAC2855B64600454E0D /* Screen Shot 2022-06-11 at 10.50.38 PM.png */,
				F2401AA32855640900454E0D /* Screen Shot 2022-06-11 at 4.59.34 PM.png */,
				F2401AA12855337800454E0D /* Screen Shot 2022-06-11 at 1.31.03 PM.png */,
				F2401A9A285522A700454E0D /* Screen Shot 2022-06-11 at 12.17.16 PM.png */,
				F2401A97285522A700454E0D /* Screen Shot 2022-06-11 at 12.17.49 PM.png */,
				F2401A99285522A700454E0D /* Screen Shot 2022-06-11 at 12.18.01 PM.png */,
				F2401A98285522A700454E0D /* Screen Shot 2022-06-11 at 12.19.09 PM.png */,
				F2401A9528551DDF00454E0D /* Screen Shot 2022-06-11 at 11.59.53 AM.png */,
				F2401A932855137000454E0D /* Screen Shot 2022-06-11 at 11.15.14 AM.png */,
				F2401A912855110400454E0D /* Screen Shot 2022-06-11 at 11.04.46 AM.png */,
				F2401A8F2855082B00454E0D /* Screen Shot 2022-06-11 at 10.27.33 AM.png */,
				F2401A8D2855064400454E0D /* Screen Shot 2022-06-11 at 10.18.23 AM.png */,
				F2401A8B285504DF00454E0D /* home.jpeg */,
				F2401A822854FF6200454E0D /* LaunchScreen.storyboard */,
				F2401A852854FF6200454E0D /* Info.plist */,
			);
			path = "Financial-Planning";
			sourceTree = "<group>";
		};
/* End PBXGroup section */

/* Begin PBXNativeTarget section */
		F2401A732854FF6100454E0D /* Financial-Planning */ = {
			isa = PBXNativeTarget;
			buildConfigurationList = F2401A882854FF6200454E0D /* Build configuration list for PBXNativeTarget "Financial-Planning" */;
			buildPhases = (
				F2401A702854FF6100454E0D /* Sources */,
				F2401A712854FF6100454E0D /* Frameworks */,
				F2401A722854FF6100454E0D /* Resources */,
			);
			buildRules = (
			);
			dependencies = (
			);
			name = "Financial-Planning";
			productName = "Financial-Planning";
			productReference = F2401A742854FF6100454E0D /* Financial-Planning.app */;
			productType = "com.apple.product-type.application";
		};
/* End PBXNativeTarget section */

/* Begin PBXProject section */
		F2401A6C2854FF6100454E0D /* Project object */ = {
			isa = PBXProject;
			attributes = {
				LastSwiftUpdateCheck = 1250;
				LastUpgradeCheck = 1250;
				TargetAttributes = {
					F2401A732854FF6100454E0D = {
						CreatedOnToolsVersion = 12.5;
					};
				};
			};
			buildConfigurationList = F2401A6F2854FF6100454E0D /* Build configuration list for PBXProject "Financial-Planning" */;
			compatibilityVersion = "Xcode 9.3";
			developmentRegion = en;
			hasScannedForEncodings = 0;
			knownRegions = (
				en,
				Base,
			);
			mainGroup = F2401A6B2854FF6100454E0D;
			productRefGroup = F2401A752854FF6100454E0D /* Products */;
			projectDirPath = "";
			projectRoot = "";
			targets = (
				F2401A732854FF6100454E0D /* Financial-Planning */,
			);
		};
/* End PBXProject section */

/* Begin PBXResourcesBuildPhase section */
		F2401A722854FF6100454E0D /* Resources */ = {
			isa = PBXResourcesBuildPhase;
			buildActionMask = 2147483647;
			files = (
				F2401AA42855640900454E0D /* Screen Shot 2022-06-11 at 4.59.34 PM.png in Resources */,
				F2401A8E2855064400454E0D /* Screen Shot 2022-06-11 at 10.18.23 AM.png in Resources */,
				F2401A902855082B00454E0D /* Screen Shot 2022-06-11 at 10.27.33 AM.png in Resources */,
				F2401A9B285522A700454E0D /* Screen Shot 2022-06-11 at 12.17.49 PM.png in Resources */,
				F2401AAE2855B64600454E0D /* Screen Shot 2022-06-11 at 10.50.38 PM.png in Resources */,
				F2401AB02855B65F00454E0D /* stock.jpeg in Resources */,
				F2401A9628551DDF00454E0D /* Screen Shot 2022-06-11 at 11.59.53 AM.png in Resources */,
				F2401A922855110400454E0D /* Screen Shot 2022-06-11 at 11.04.46 AM.png in Resources */,
				F2401A842854FF6200454E0D /* LaunchScreen.storyboard in Resources */,
				F2401A812854FF6200454E0D /* Assets.xcassets in Resources */,
				F2401A8C285504DF00454E0D /* home.jpeg in Resources */,
				F2401AD62855D47C00454E0D /* cred.png in Resources */,
				F2401A942855137000454E0D /* Screen Shot 2022-06-11 at 11.15.14 AM.png in Resources */,
				F2401AA22855337900454E0D /* Screen Shot 2022-06-11 at 1.31.03 PM.png in Resources */,
				F2401A9E285522A700454E0D /* Screen Shot 2022-06-11 at 12.17.16 PM.png in Resources */,
				F2401A9D285522A700454E0D /* Screen Shot 2022-06-11 at 12.18.01 PM.png in Resources */,
				F2401A9C285522A700454E0D /* Screen Shot 2022-06-11 at 12.19.09 PM.png in Resources */,
				F2401A7F2854FF6100454E0D /* Main.storyboard in Resources */,
			);
			runOnlyForDeploymentPostprocessing = 0;
		};
/* End PBXResourcesBuildPhase section */

/* Begin PBXSourcesBuildPhase section */
		F2401A702854FF6100454E0D /* Sources */ = {
			isa = PBXSourcesBuildPhase;
			buildActionMask = 2147483647;
			files = (
				F2401AA62855696300454E0D /* trackSpending.swift in Sources */,
				F2401AA028552C8700454E0D /* homescreen.swift in Sources */,
				F2401AA82855AF2900454E0D /* trackEarnings.swift in Sources */,
				F2401A7C2854FF6100454E0D /* ViewController.swift in Sources */,
				F2401AAA2855B39700454E0D /* learn.swift in Sources */,
				F2401A782854FF6100454E0D /* AppDelegate.swift in Sources */,
				F2401A7A2854FF6100454E0D /* SceneDelegate.swift in Sources */,
			);
			runOnlyForDeploymentPostprocessing = 0;
		};
/* End PBXSourcesBuildPhase section */

/* Begin PBXVariantGroup section */
		F2401A7D2854FF6100454E0D /* Main.storyboard */ = {
			isa = PBXVariantGroup;
			children = (
				F2401A7E2854FF6100454E0D /* Base */,
			);
			name = Main.storyboard;
			sourceTree = "<group>";
		};
		F2401A822854FF6200454E0D /* LaunchScreen.storyboard */ = {
			isa = PBXVariantGroup;
			children = (
				F2401A832854FF6200454E0D /* Base */,
			);
			name = LaunchScreen.storyboard;
			sourceTree = "<group>";
		};
/* End PBXVariantGroup section */

/* Begin XCBuildConfiguration section */
		F2401A862854FF6200454E0D /* Debug */ = {
			isa = XCBuildConfiguration;
			buildSettings = {
				ALWAYS_SEARCH_USER_PATHS = NO;
				CLANG_ANALYZER_NONNULL = YES;
				CLANG_ANALYZER_NUMBER_OBJECT_CONVERSION = YES_AGGRESSIVE;
				CLANG_CXX_LANGUAGE_STANDARD = "gnu++14";
				CLANG_CXX_LIBRARY = "libc++";
				CLANG_ENABLE_MODULES = YES;
				CLANG_ENABLE_OBJC_ARC = YES;
				CLANG_ENABLE_OBJC_WEAK = YES;
				CLANG_WARN_BLOCK_CAPTURE_AUTORELEASING = YES;
				CLANG_WARN_BOOL_CONVERSION = YES;
				CLANG_WARN_COMMA = YES;
				CLANG_WARN_CONSTANT_CONVERSION = YES;
				CLANG_WARN_DEPRECATED_OBJC_IMPLEMENTATIONS = YES;
				CLANG_WARN_DIRECT_OBJC_ISA_USAGE = YES_ERROR;
				CLANG_WARN_DOCUMENTATION_COMMENTS = YES;
				CLANG_WARN_EMPTY_BODY = YES;
				CLANG_WARN_ENUM_CONVERSION = YES;
				CLANG_WARN_INFINITE_RECURSION = YES;
				CLANG_WARN_INT_CONVERSION = YES;
				CLANG_WARN_NON_LITERAL_NULL_CONVERSION = YES;
				CLANG_WARN_OBJC_IMPLICIT_RETAIN_SELF = YES;
				CLANG_WARN_OBJC_LITERAL_CONVERSION = YES;
				CLANG_WARN_OBJC_ROOT_CLASS = YES_ERROR;
				CLANG_WARN_QUOTED_INCLUDE_IN_FRAMEWORK_HEADER = YES;
				CLANG_WARN_RANGE_LOOP_ANALYSIS = YES;
				CLANG_WARN_STRICT_PROTOTYPES = YES;
				CLANG_WARN_SUSPICIOUS_MOVE = YES;
				CLANG_WARN_UNGUARDED_AVAILABILITY = YES_AGGRESSIVE;
				CLANG_WARN_UNREACHABLE_CODE = YES;
				CLANG_WARN__DUPLICATE_METHOD_MATCH = YES;
				COPY_PHASE_STRIP = NO;
				DEBUG_INFORMATION_FORMAT = dwarf;
				ENABLE_STRICT_OBJC_MSGSEND = YES;
				ENABLE_TESTABILITY = YES;
				GCC_C_LANGUAGE_STANDARD = gnu11;
				GCC_DYNAMIC_NO_PIC = NO;
				GCC_NO_COMMON_BLOCKS = YES;
				GCC_OPTIMIZATION_LEVEL = 0;
				GCC_PREPROCESSOR_DEFINITIONS = (
					"DEBUG=1",
					"$(inherited)",
				);
				GCC_WARN_64_TO_32_BIT_CONVERSION = YES;
				GCC_WARN_ABOUT_RETURN_TYPE = YES_ERROR;
				GCC_WARN_UNDECLARED_SELECTOR = YES;
				GCC_WARN_UNINITIALIZED_AUTOS = YES_AGGRESSIVE;
				GCC_WARN_UNUSED_FUNCTION = YES;
				GCC_WARN_UNUSED_VARIABLE = YES;
				IPHONEOS_DEPLOYMENT_TARGET = 14.5;
				MTL_ENABLE_DEBUG_INFO = INCLUDE_SOURCE;
				MTL_FAST_MATH = YES;
				ONLY_ACTIVE_ARCH = YES;
				SDKROOT = iphoneos;
				SWIFT_ACTIVE_COMPILATION_CONDITIONS = DEBUG;
				SWIFT_OPTIMIZATION_LEVEL = "-Onone";
			};
			name = Debug;
		};
		F2401A872854FF6200454E0D /* Release */ = {
			isa = XCBuildConfiguration;
			buildSettings = {
				ALWAYS_SEARCH_USER_PATHS = NO;
				CLANG_ANALYZER_NONNULL = YES;
				CLANG_ANALYZER_NUMBER_OBJECT_CONVERSION = YES_AGGRESSIVE;
				CLANG_CXX_LANGUAGE_STANDARD = "gnu++14";
				CLANG_CXX_LIBRARY = "libc++";
				CLANG_ENABLE_MODULES = YES;
				CLANG_ENABLE_OBJC_ARC = YES;
				CLANG_ENABLE_OBJC_WEAK = YES;
				CLANG_WARN_BLOCK_CAPTURE_AUTORELEASING = YES;
				CLANG_WARN_BOOL_CONVERSION = YES;
				CLANG_WARN_COMMA = YES;
				CLANG_WARN_CONSTANT_CONVERSION = YES;
				CLANG_WARN_DEPRECATED_OBJC_IMPLEMENTATIONS = YES;
				CLANG_WARN_DIRECT_OBJC_ISA_USAGE = YES_ERROR;
				CLANG_WARN_DOCUMENTATION_COMMENTS = YES;
				CLANG_WARN_EMPTY_BODY = YES;
				CLANG_WARN_ENUM_CONVERSION = YES;
				CLANG_WARN_INFINITE_RECURSION = YES;
				CLANG_WARN_INT_CONVERSION = YES;
				CLANG_WARN_NON_LITERAL_NULL_CONVERSION = YES;
				CLANG_WARN_OBJC_IMPLICIT_RETAIN_SELF = YES;
				CLANG_WARN_OBJC_LITERAL_CONVERSION = YES;
				CLANG_WARN_OBJC_ROOT_CLASS = YES_ERROR;
				CLANG_WARN_QUOTED_INCLUDE_IN_FRAMEWORK_HEADER = YES;
				CLANG_WARN_RANGE_LOOP_ANALYSIS = YES;
				CLANG_WARN_STRICT_PROTOTYPES = YES;
				CLANG_WARN_SUSPICIOUS_MOVE = YES;
				CLANG_WARN_UNGUARDED_AVAILABILITY = YES_AGGRESSIVE;
				CLANG_WARN_UNREACHABLE_CODE = YES;
				CLANG_WARN__DUPLICATE_METHOD_MATCH = YES;
				COPY_PHASE_STRIP = NO;
				DEBUG_INFORMATION_FORMAT = "dwarf-with-dsym";
				ENABLE_NS_ASSERTIONS = NO;
				ENABLE_STRICT_OBJC_MSGSEND = YES;
				GCC_C_LANGUAGE_STANDARD = gnu11;
				GCC_NO_COMMON_BLOCKS = YES;
				GCC_WARN_64_TO_32_BIT_CONVERSION = YES;
				GCC_WARN_ABOUT_RETURN_TYPE = YES_ERROR;
				GCC_WARN_UNDECLARED_SELECTOR = YES;
				GCC_WARN_UNINITIALIZED_AUTOS = YES_AGGRESSIVE;
				GCC_WARN_UNUSED_FUNCTION = YES;
				GCC_WARN_UNUSED_VARIABLE = YES;
				IPHONEOS_DEPLOYMENT_TARGET = 14.5;
				MTL_ENABLE_DEBUG_INFO = NO;
				MTL_FAST_MATH = YES;
				SDKROOT = iphoneos;
				SWIFT_COMPILATION_MODE = wholemodule;
				SWIFT_OPTIMIZATION_LEVEL = "-O";
				VALIDATE_PRODUCT = YES;
			};
			name = Release;
		};
		F2401A892854FF6200454E0D /* Debug */ = {
			isa = XCBuildConfiguration;
			buildSettings = {
				ASSETCATALOG_COMPILER_APPICON_NAME = AppIcon;
				ASSETCATALOG_COMPILER_GLOBAL_ACCENT_COLOR_NAME = AccentColor;
				CODE_SIGN_STYLE = Automatic;
				DEVELOPMENT_TEAM = 57BGMC5795;
				INFOPLIST_FILE = "Financial-Planning/Info.plist";
				LD_RUNPATH_SEARCH_PATHS = (
					"$(inherited)",
					"@executable_path/Frameworks",
				);
				PRODUCT_BUNDLE_IDENTIFIER = "Smriti-s-stuff.Financial-Planning";
				PRODUCT_NAME = "$(TARGET_NAME)";
				SWIFT_VERSION = 5.0;
				TARGETED_DEVICE_FAMILY = "1,2";
			};
			name = Debug;
		};
		F2401A8A2854FF6200454E0D /* Release */ = {
			isa = XCBuildConfiguration;
			buildSettings = {
				ASSETCATALOG_COMPILER_APPICON_NAME = AppIcon;
				ASSETCATALOG_COMPILER_GLOBAL_ACCENT_COLOR_NAME = AccentColor;
				CODE_SIGN_STYLE = Automatic;
				DEVELOPMENT_TEAM = 57BGMC5795;
				INFOPLIST_FILE = "Financial-Planning/Info.plist";
				LD_RUNPATH_SEARCH_PATHS = (
					"$(inherited)",
					"@executable_path/Frameworks",
				);
				PRODUCT_BUNDLE_IDENTIFIER = "Smriti-s-stuff.Financial-Planning";
				PRODUCT_NAME = "$(TARGET_NAME)";
				SWIFT_VERSION = 5.0;
				TARGETED_DEVICE_FAMILY = "1,2";
			};
			name = Release;
		};
/* End XCBuildConfiguration section */

/* Begin XCConfigurationList section */
		F2401A6F2854FF6100454E0D /* Build configuration list for PBXProject "Financial-Planning" */ = {
			isa = XCConfigurationList;
			buildConfigurations = (
				F2401A862854FF6200454E0D /* Debug */,
				F2401A872854FF6200454E0D /* Release */,
			);
			defaultConfigurationIsVisible = 0;
			defaultConfigurationName = Release;
		};
		F2401A882854FF6200454E0D /* Build configuration list for PBXNativeTarget "Financial-Planning" */ = {
			isa = XCConfigurationList;
			buildConfigurations = (
				F2401A892854FF6200454E0D /* Debug */,
				F2401A8A2854FF6200454E0D /* Release */,
			);
			defaultConfigurationIsVisible = 0;
			defaultConfigurationName = Release;
		};
/* End XCConfigurationList section */
	};
	rootObject = F2401A6C2854FF6100454E0D /* Project object */;
}
